
Microsoft Visual Studio Solution File, Format Version 12.00
# Visual Studio Version 17
VisualStudioVersion = 17.14.36301.6
MinimumVisualStudioVersion = 10.0.40219.1
Project("{FAE04EC0-301F-11D3-BF4B-00C04F79EFBC}") = "OpenMir2", "OpenMir2\OpenMir2.csproj", "{EA897E8D-2714-744B-2987-B5972F8471F0}"
EndProject
Project("{FAE04EC0-301F-11D3-BF4B-00C04F79EFBC}") = "SystemModule", "Modules\SystemModule\SystemModule.csproj", "{BECB5D66-94F2-D03F-5E6A-C808E891B086}"
EndProject
Project("{FAE04EC0-301F-11D3-BF4B-00C04F79EFBC}") = "ScriptSystem", "Modules\ScriptEngine\ScriptSystem.csproj", "{9B24BEB1-265E-84BB-A901-3CFCF947791F}"
EndProject
Project("{FAE04EC0-301F-11D3-BF4B-00C04F79EFBC}") = "M2Server", "M2Server\M2Server.csproj", "{D9A2C619-BBC7-BF59-1FAF-C0C3459F987D}"
EndProject
Project("{FAE04EC0-301F-11D3-BF4B-00C04F79EFBC}") = "DBSrv.Storage", "Storeages\DBSrv.Storage\DBSrv.Storage.csproj", "{C93CC5AB-2E42-935B-128B-4FE869990353}"
EndProject
Project("{FAE04EC0-301F-11D3-BF4B-00C04F79EFBC}") = "DBSrv", "DBSrv\DBSrv.csproj", "{E412D70A-6E9F-33F8-A549-805AAE1A931D}"
EndProject
Project("{FAE04EC0-301F-11D3-BF4B-00C04F79EFBC}") = "SelGate", "SelGate\SelGate.csproj", "{D47D8580-209D-B517-FFFB-B453A3F4F365}"
EndProject
Project("{FAE04EC0-301F-11D3-BF4B-00C04F79EFBC}") = "LoginGate", "LoginGate\LoginGate.csproj", "{3E760AF1-DD4F-9B0D-3238-B0F5DDD91A08}"
EndProject
Project("{FAE04EC0-301F-11D3-BF4B-00C04F79EFBC}") = "LoginSrv", "LoginSrv\LoginSrv.csproj", "{92AED0DF-5D6B-12D6-E115-74875A1E5FDF}"
EndProject
Project("{FAE04EC0-301F-11D3-BF4B-00C04F79EFBC}") = "GameGate", "GameGate\GameGate.csproj", "{A6085714-29D7-AD27-1341-8888E5D8244E}"
EndProject
Project("{FAE04EC0-301F-11D3-BF4B-00C04F79EFBC}") = "PlanesSystem", "Modules\PlanesSystem\PlanesSystem.csproj", "{7229C3C0-B743-591A-4ED0-C71A2DDE68EF}"
EndProject
Project("{FAE04EC0-301F-11D3-BF4B-00C04F79EFBC}") = "CommandSystem", "Modules\GameCommand\CommandSystem.csproj", "{D8375919-65EF-4D10-F574-69CA561A1CCD}"
EndProject
Project("{FAE04EC0-301F-11D3-BF4B-00C04F79EFBC}") = "GameSrv", "GameSrv\GameSrv.csproj", "{7F633F8C-18F4-F2F0-85FF-A0D575E2731A}"
EndProject
Project("{FAE04EC0-301F-11D3-BF4B-00C04F79EFBC}") = "ChatSrv", "ChatSrv\ChatSrv.csproj", "{AC4409AE-5AD8-7627-29D3-3F69591E0CE8}"
EndProject
Project("{FAE04EC0-301F-11D3-BF4B-00C04F79EFBC}") = "MapSrv", "MapSrv\MapSrv.csproj", "{87872889-ADE1-5877-69DC-FDB309B9746F}"
EndProject
Project("{2150E333-8FDC-42A3-9474-1A3956D46DE8}") = "Client", "Client", "{02EA681E-C7D8-13C7-8484-4AC65E1B71E8}"
EndProject
Project("{FAE04EC0-301F-11D3-BF4B-00C04F79EFBC}") = "Client", "Client\Client_x48Eden\Client.csproj", "{01D25770-E903-4B4B-B9F1-7775E9E8156F}"
EndProject
Project("{FAE04EC0-301F-11D3-BF4B-00C04F79EFBC}") = "Client_CH", "Client\Client_x48CH\Client_CH.csproj", "{7CC084DE-0349-40D4-929A-20A8DD045D76}"
EndProject
Project("{FAE04EC0-301F-11D3-BF4B-00C04F79EFBC}") = "Client_EN", "Client\Client_x48EN\Client_EN.csproj", "{35050645-A39D-483B-BB24-3EFCC5F7E720}"
EndProject
Project("{FAE04EC0-301F-11D3-BF4B-00C04F79EFBC}") = "Client_8CH", "Client\Client_8CH\Client_8CH.csproj", "{8BCC1749-97BE-311C-DFDC-D311B84885EE}"
EndProject
Project("{FAE04EC0-301F-11D3-BF4B-00C04F79EFBC}") = "Client_8EN", "Client\Client_8EN\Client_8EN.csproj", "{AB79863A-855B-7F45-A85D-E55996191944}"
EndProject
Project("{FAE04EC0-301F-11D3-BF4B-00C04F79EFBC}") = "Shared_8CH", "Client\Shared_8CH\Shared_8CH.csproj", "{C9AB0BCB-EE8D-2C94-0712-7FBD97B00CDA}"
EndProject
Project("{FAE04EC0-301F-11D3-BF4B-00C04F79EFBC}") = "Shared_8EN", "Client\Shared_8EN\Shared_8EN.csproj", "{D246E0CE-498C-BD66-BEA3-42EC081E182D}"
EndProject
Project("{FAE04EC0-301F-11D3-BF4B-00C04F79EFBC}") = "LyoMir2_AOT", "LyoMir2\LyoMir2_AOT.csproj", "{9CF45113-4699-4987-8956-96A09A7A82A1}"
EndProject
Project("{FAE04EC0-301F-11D3-BF4B-00C04F79EFBC}") = "DBSvr.Storage.MySQL", "Storeages\DBSvr.Storage.MySQL\DBSvr.Storage.MySQL.csproj", "{14B66340-CD97-594D-B1CB-053114E6B86B}"
EndProject
Project("{FAE04EC0-301F-11D3-BF4B-00C04F79EFBC}") = "LyoMir2_ST", "LyoMir2_ST\LyoMir2_ST.csproj", "{56D6D0A5-B6DB-4D5D-BFC8-DFFAC8B940F2}"
EndProject
Global
	GlobalSection(SolutionConfigurationPlatforms) = preSolution
		Debug|Any CPU = Debug|Any CPU
		Release|Any CPU = Release|Any CPU
	EndGlobalSection
	GlobalSection(ProjectConfigurationPlatforms) = postSolution
		{EA897E8D-2714-744B-2987-B5972F8471F0}.Debug|Any CPU.ActiveCfg = Debug|Any CPU
		{EA897E8D-2714-744B-2987-B5972F8471F0}.Debug|Any CPU.Build.0 = Debug|Any CPU
		{EA897E8D-2714-744B-2987-B5972F8471F0}.Release|Any CPU.ActiveCfg = Release|Any CPU
		{EA897E8D-2714-744B-2987-B5972F8471F0}.Release|Any CPU.Build.0 = Release|Any CPU
		{BECB5D66-94F2-D03F-5E6A-C808E891B086}.Debug|Any CPU.ActiveCfg = Debug|Any CPU
		{BECB5D66-94F2-D03F-5E6A-C808E891B086}.Debug|Any CPU.Build.0 = Debug|Any CPU
		{BECB5D66-94F2-D03F-5E6A-C808E891B086}.Release|Any CPU.ActiveCfg = Release|Any CPU
		{BECB5D66-94F2-D03F-5E6A-C808E891B086}.Release|Any CPU.Build.0 = Release|Any CPU
		{9B24BEB1-265E-84BB-A901-3CFCF947791F}.Debug|Any CPU.ActiveCfg = Debug|Any CPU
		{9B24BEB1-265E-84BB-A901-3CFCF947791F}.Debug|Any CPU.Build.0 = Debug|Any CPU
		{9B24BEB1-265E-84BB-A901-3CFCF947791F}.Release|Any CPU.ActiveCfg = Release|Any CPU
		{9B24BEB1-265E-84BB-A901-3CFCF947791F}.Release|Any CPU.Build.0 = Release|Any CPU
		{D9A2C619-BBC7-BF59-1FAF-C0C3459F987D}.Debug|Any CPU.ActiveCfg = Debug|Any CPU
		{D9A2C619-BBC7-BF59-1FAF-C0C3459F987D}.Debug|Any CPU.Build.0 = Debug|Any CPU
		{D9A2C619-BBC7-BF59-1FAF-C0C3459F987D}.Release|Any CPU.ActiveCfg = Release|Any CPU
		{D9A2C619-BBC7-BF59-1FAF-C0C3459F987D}.Release|Any CPU.Build.0 = Release|Any CPU
		{C93CC5AB-2E42-935B-128B-4FE869990353}.Debug|Any CPU.ActiveCfg = Debug|Any CPU
		{C93CC5AB-2E42-935B-128B-4FE869990353}.Debug|Any CPU.Build.0 = Debug|Any CPU
		{C93CC5AB-2E42-935B-128B-4FE869990353}.Release|Any CPU.ActiveCfg = Release|Any CPU
		{C93CC5AB-2E42-935B-128B-4FE869990353}.Release|Any CPU.Build.0 = Release|Any CPU
		{E412D70A-6E9F-33F8-A549-805AAE1A931D}.Debug|Any CPU.ActiveCfg = Debug|Any CPU
		{E412D70A-6E9F-33F8-A549-805AAE1A931D}.Debug|Any CPU.Build.0 = Debug|Any CPU
		{E412D70A-6E9F-33F8-A549-805AAE1A931D}.Release|Any CPU.ActiveCfg = Release|Any CPU
		{E412D70A-6E9F-33F8-A549-805AAE1A931D}.Release|Any CPU.Build.0 = Release|Any CPU
		{D47D8580-209D-B517-FFFB-B453A3F4F365}.Debug|Any CPU.ActiveCfg = Debug|Any CPU
		{D47D8580-209D-B517-FFFB-B453A3F4F365}.Debug|Any CPU.Build.0 = Debug|Any CPU
		{D47D8580-209D-B517-FFFB-B453A3F4F365}.Release|Any CPU.ActiveCfg = Release|Any CPU
		{D47D8580-209D-B517-FFFB-B453A3F4F365}.Release|Any CPU.Build.0 = Release|Any CPU
		{3E760AF1-DD4F-9B0D-3238-B0F5DDD91A08}.Debug|Any CPU.ActiveCfg = Debug|Any CPU
		{3E760AF1-DD4F-9B0D-3238-B0F5DDD91A08}.Debug|Any CPU.Build.0 = Debug|Any CPU
		{3E760AF1-DD4F-9B0D-3238-B0F5DDD91A08}.Release|Any CPU.ActiveCfg = Release|Any CPU
		{3E760AF1-DD4F-9B0D-3238-B0F5DDD91A08}.Release|Any CPU.Build.0 = Release|Any CPU
		{92AED0DF-5D6B-12D6-E115-74875A1E5FDF}.Debug|Any CPU.ActiveCfg = Debug|Any CPU
		{92AED0DF-5D6B-12D6-E115-74875A1E5FDF}.Debug|Any CPU.Build.0 = Debug|Any CPU
		{92AED0DF-5D6B-12D6-E115-74875A1E5FDF}.Release|Any CPU.ActiveCfg = Release|Any CPU
		{92AED0DF-5D6B-12D6-E115-74875A1E5FDF}.Release|Any CPU.Build.0 = Release|Any CPU
		{A6085714-29D7-AD27-1341-8888E5D8244E}.Debug|Any CPU.ActiveCfg = Debug|Any CPU
		{A6085714-29D7-AD27-1341-8888E5D8244E}.Debug|Any CPU.Build.0 = Debug|Any CPU
		{A6085714-29D7-AD27-1341-8888E5D8244E}.Release|Any CPU.ActiveCfg = Release|Any CPU
		{A6085714-29D7-AD27-1341-8888E5D8244E}.Release|Any CPU.Build.0 = Release|Any CPU
		{7229C3C0-B743-591A-4ED0-C71A2DDE68EF}.Debug|Any CPU.ActiveCfg = Debug|Any CPU
		{7229C3C0-B743-591A-4ED0-C71A2DDE68EF}.Debug|Any CPU.Build.0 = Debug|Any CPU
		{7229C3C0-B743-591A-4ED0-C71A2DDE68EF}.Release|Any CPU.ActiveCfg = Release|Any CPU
		{7229C3C0-B743-591A-4ED0-C71A2DDE68EF}.Release|Any CPU.Build.0 = Release|Any CPU
		{D8375919-65EF-4D10-F574-69CA561A1CCD}.Debug|Any CPU.ActiveCfg = Debug|Any CPU
		{D8375919-65EF-4D10-F574-69CA561A1CCD}.Debug|Any CPU.Build.0 = Debug|Any CPU
		{D8375919-65EF-4D10-F574-69CA561A1CCD}.Release|Any CPU.ActiveCfg = Release|Any CPU
		{D8375919-65EF-4D10-F574-69CA561A1CCD}.Release|Any CPU.Build.0 = Release|Any CPU
		{7F633F8C-18F4-F2F0-85FF-A0D575E2731A}.Debug|Any CPU.ActiveCfg = Debug|Any CPU
		{7F633F8C-18F4-F2F0-85FF-A0D575E2731A}.Debug|Any CPU.Build.0 = Debug|Any CPU
		{7F633F8C-18F4-F2F0-85FF-A0D575E2731A}.Release|Any CPU.ActiveCfg = Release|Any CPU
		{7F633F8C-18F4-F2F0-85FF-A0D575E2731A}.Release|Any CPU.Build.0 = Release|Any CPU
		{AC4409AE-5AD8-7627-29D3-3F69591E0CE8}.Debug|Any CPU.ActiveCfg = Debug|Any CPU
		{AC4409AE-5AD8-7627-29D3-3F69591E0CE8}.Debug|Any CPU.Build.0 = Debug|Any CPU
		{AC4409AE-5AD8-7627-29D3-3F69591E0CE8}.Release|Any CPU.ActiveCfg = Release|Any CPU
		{AC4409AE-5AD8-7627-29D3-3F69591E0CE8}.Release|Any CPU.Build.0 = Release|Any CPU
		{87872889-ADE1-5877-69DC-FDB309B9746F}.Debug|Any CPU.ActiveCfg = Debug|Any CPU
		{87872889-ADE1-5877-69DC-FDB309B9746F}.Debug|Any CPU.Build.0 = Debug|Any CPU
		{87872889-ADE1-5877-69DC-FDB309B9746F}.Release|Any CPU.ActiveCfg = Release|Any CPU
		{87872889-ADE1-5877-69DC-FDB309B9746F}.Release|Any CPU.Build.0 = Release|Any CPU
		{01D25770-E903-4B4B-B9F1-7775E9E8156F}.Debug|Any CPU.ActiveCfg = Debug|Any CPU
		{01D25770-E903-4B4B-B9F1-7775E9E8156F}.Debug|Any CPU.Build.0 = Debug|Any CPU
		{01D25770-E903-4B4B-B9F1-7775E9E8156F}.Release|Any CPU.ActiveCfg = Release|Any CPU
		{01D25770-E903-4B4B-B9F1-7775E9E8156F}.Release|Any CPU.Build.0 = Release|Any CPU
		{7CC084DE-0349-40D4-929A-20A8DD045D76}.Debug|Any CPU.ActiveCfg = Debug|Any CPU
		{7CC084DE-0349-40D4-929A-20A8DD045D76}.Debug|Any CPU.Build.0 = Debug|Any CPU
		{7CC084DE-0349-40D4-929A-20A8DD045D76}.Release|Any CPU.ActiveCfg = Release|Any CPU
		{7CC084DE-0349-40D4-929A-20A8DD045D76}.Release|Any CPU.Build.0 = Release|Any CPU
		{35050645-A39D-483B-BB24-3EFCC5F7E720}.Debug|Any CPU.ActiveCfg = Debug|Any CPU
		{35050645-A39D-483B-BB24-3EFCC5F7E720}.Debug|Any CPU.Build.0 = Debug|Any CPU
		{35050645-A39D-483B-BB24-3EFCC5F7E720}.Release|Any CPU.ActiveCfg = Release|Any CPU
		{35050645-A39D-483B-BB24-3EFCC5F7E720}.Release|Any CPU.Build.0 = Release|Any CPU
		{8BCC1749-97BE-311C-DFDC-D311B84885EE}.Debug|Any CPU.ActiveCfg = Debug|Any CPU
		{8BCC1749-97BE-311C-DFDC-D311B84885EE}.Debug|Any CPU.Build.0 = Debug|Any CPU
		{8BCC1749-97BE-311C-DFDC-D311B84885EE}.Release|Any CPU.ActiveCfg = Release|Any CPU
		{8BCC1749-97BE-311C-DFDC-D311B84885EE}.Release|Any CPU.Build.0 = Release|Any CPU
		{AB79863A-855B-7F45-A85D-E55996191944}.Debug|Any CPU.ActiveCfg = Debug|Any CPU
		{AB79863A-855B-7F45-A85D-E55996191944}.Debug|Any CPU.Build.0 = Debug|Any CPU
		{AB79863A-855B-7F45-A85D-E55996191944}.Release|Any CPU.ActiveCfg = Release|Any CPU
		{AB79863A-855B-7F45-A85D-E55996191944}.Release|Any CPU.Build.0 = Release|Any CPU
		{C9AB0BCB-EE8D-2C94-0712-7FBD97B00CDA}.Debug|Any CPU.ActiveCfg = Debug|Any CPU
		{C9AB0BCB-EE8D-2C94-0712-7FBD97B00CDA}.Debug|Any CPU.Build.0 = Debug|Any CPU
		{C9AB0BCB-EE8D-2C94-0712-7FBD97B00CDA}.Release|Any CPU.ActiveCfg = Release|Any CPU
		{C9AB0BCB-EE8D-2C94-0712-7FBD97B00CDA}.Release|Any CPU.Build.0 = Release|Any CPU
		{D246E0CE-498C-BD66-BEA3-42EC081E182D}.Debug|Any CPU.ActiveCfg = Debug|Any CPU
		{D246E0CE-498C-BD66-BEA3-42EC081E182D}.Debug|Any CPU.Build.0 = Debug|Any CPU
		{D246E0CE-498C-BD66-BEA3-42EC081E182D}.Release|Any CPU.ActiveCfg = Release|Any CPU
		{D246E0CE-498C-BD66-BEA3-42EC081E182D}.Release|Any CPU.Build.0 = Release|Any CPU
		{9CF45113-4699-4987-8956-96A09A7A82A1}.Debug|Any CPU.ActiveCfg = Debug|Any CPU
		{9CF45113-4699-4987-8956-96A09A7A82A1}.Release|Any CPU.ActiveCfg = Release|Any CPU
		{9CF45113-4699-4987-8956-96A09A7A82A1}.Release|Any CPU.Build.0 = Release|Any CPU
		{14B66340-CD97-594D-B1CB-053114E6B86B}.Debug|Any CPU.ActiveCfg = Debug|Any CPU
		{14B66340-CD97-594D-B1CB-053114E6B86B}.Debug|Any CPU.Build.0 = Debug|Any CPU
		{14B66340-CD97-594D-B1CB-053114E6B86B}.Release|Any CPU.ActiveCfg = Release|Any CPU
		{14B66340-CD97-594D-B1CB-053114E6B86B}.Release|Any CPU.Build.0 = Release|Any CPU
		{56D6D0A5-B6DB-4D5D-BFC8-DFFAC8B940F2}.Debug|Any CPU.ActiveCfg = Debug|Any CPU
		{56D6D0A5-B6DB-4D5D-BFC8-DFFAC8B940F2}.Debug|Any CPU.Build.0 = Debug|Any CPU
		{56D6D0A5-B6DB-4D5D-BFC8-DFFAC8B940F2}.Release|Any CPU.ActiveCfg = Release|Any CPU
		{56D6D0A5-B6DB-4D5D-BFC8-DFFAC8B940F2}.Release|Any CPU.Build.0 = Release|Any CPU
	EndGlobalSection
	GlobalSection(SolutionProperties) = preSolution
		HideSolutionNode = FALSE
	EndGlobalSection
	GlobalSection(NestedProjects) = preSolution
		{01D25770-E903-4B4B-B9F1-7775E9E8156F} = {02EA681E-C7D8-13C7-8484-4AC65E1B71E8}
		{7CC084DE-0349-40D4-929A-20A8DD045D76} = {02EA681E-C7D8-13C7-8484-4AC65E1B71E8}
		{35050645-A39D-483B-BB24-3EFCC5F7E720} = {02EA681E-C7D8-13C7-8484-4AC65E1B71E8}
		{8BCC1749-97BE-311C-DFDC-D311B84885EE} = {02EA681E-C7D8-13C7-8484-4AC65E1B71E8}
		{AB79863A-855B-7F45-A85D-E55996191944} = {02EA681E-C7D8-13C7-8484-4AC65E1B71E8}
		{C9AB0BCB-EE8D-2C94-0712-7FBD97B00CDA} = {02EA681E-C7D8-13C7-8484-4AC65E1B71E8}
		{D246E0CE-498C-BD66-BEA3-42EC081E182D} = {02EA681E-C7D8-13C7-8484-4AC65E1B71E8}
	EndGlobalSection
	GlobalSection(ExtensibilityGlobals) = postSolution
		SolutionGuid = {9A88DCCD-E17A-4709-B531-D29BC254BCCB}
	EndGlobalSection
EndGlobal
